
Microsoft Visual Studio Solution File, Format Version 12.00
# Visual Studio Version 16
VisualStudioVersion = 16.0.30114.105
MinimumVisualStudioVersion = 10.0.40219.1
Project("{FAE04EC0-301F-11D3-BF4B-00C04F79EFBC}") = "api", "api.csproj", "{E5F21F8D-44F9-4990-9C3C-69728DB234BA}"
EndProject
Project("{FAE04EC0-301F-11D3-BF4B-00C04F79EFBC}") = "minhalib", "minhalib\minhalib.csproj", "{A6466A8F-54B9-4D8D-8817-3F944C5881DA}"
EndProject
Project("{FAE04EC0-301F-11D3-BF4B-00C04F79EFBC}") = "Application", "Application\Application.csproj", "{182CBDF7-E3C4-4CAF-BD67-E76E96B77E1B}"
EndProject
Project("{FAE04EC0-301F-11D3-BF4B-00C04F79EFBC}") = "Domain", "Domain\Domain.csproj", "{49BEB546-DD61-4CE1-9355-7051F2344800}"
EndProject
Project("{FAE04EC0-301F-11D3-BF4B-00C04F79EFBC}") = "Infra.Data", "Infra.Data\Infra.Data.csproj", "{4F7E354C-217A-45D1-A293-13D2DA698152}"
EndProject
Project("{FAE04EC0-301F-11D3-BF4B-00C04F79EFBC}") = "WebApi", "WebApi\WebApi.csproj", "{923220F6-337B-40F9-9B4C-AEB06A4719F3}"
EndProject
Global
	GlobalSection(SolutionConfigurationPlatforms) = preSolution
		Debug|Any CPU = Debug|Any CPU
		Release|Any CPU = Release|Any CPU
	EndGlobalSection
	GlobalSection(SolutionProperties) = preSolution
		HideSolutionNode = FALSE
	EndGlobalSection
	GlobalSection(ProjectConfigurationPlatforms) = postSolution
		{E5F21F8D-44F9-4990-9C3C-69728DB234BA}.Debug|Any CPU.ActiveCfg = Debug|Any CPU
		{E5F21F8D-44F9-4990-9C3C-69728DB234BA}.Debug|Any CPU.Build.0 = Debug|Any CPU
		{E5F21F8D-44F9-4990-9C3C-69728DB234BA}.Release|Any CPU.ActiveCfg = Release|Any CPU
		{E5F21F8D-44F9-4990-9C3C-69728DB234BA}.Release|Any CPU.Build.0 = Release|Any CPU
		{A6466A8F-54B9-4D8D-8817-3F944C5881DA}.Debug|Any CPU.ActiveCfg = Debug|Any CPU
		{A6466A8F-54B9-4D8D-8817-3F944C5881DA}.Debug|Any CPU.Build.0 = Debug|Any CPU
		{A6466A8F-54B9-4D8D-8817-3F944C5881DA}.Release|Any CPU.ActiveCfg = Release|Any CPU
		{A6466A8F-54B9-4D8D-8817-3F944C5881DA}.Release|Any CPU.Build.0 = Release|Any CPU
		{182CBDF7-E3C4-4CAF-BD67-E76E96B77E1B}.Debug|Any CPU.ActiveCfg = Debug|Any CPU
		{182CBDF7-E3C4-4CAF-BD67-E76E96B77E1B}.Debug|Any CPU.Build.0 = Debug|Any CPU
		{182CBDF7-E3C4-4CAF-BD67-E76E96B77E1B}.Release|Any CPU.ActiveCfg = Release|Any CPU
		{182CBDF7-E3C4-4CAF-BD67-E76E96B77E1B}.Release|Any CPU.Build.0 = Release|Any CPU
		{49BEB546-DD61-4CE1-9355-7051F2344800}.Debug|Any CPU.ActiveCfg = Debug|Any CPU
		{49BEB546-DD61-4CE1-9355-7051F2344800}.Debug|Any CPU.Build.0 = Debug|Any CPU
		{49BEB546-DD61-4CE1-9355-7051F2344800}.Release|Any CPU.ActiveCfg = Release|Any CPU
		{49BEB546-DD61-4CE1-9355-7051F2344800}.Release|Any CPU.Build.0 = Release|Any CPU
		{4F7E354C-217A-45D1-A293-13D2DA698152}.Debug|Any CPU.ActiveCfg = Debug|Any CPU
		{4F7E354C-217A-45D1-A293-13D2DA698152}.Debug|Any CPU.Build.0 = Debug|Any CPU
		{4F7E354C-217A-45D1-A293-13D2DA698152}.Release|Any CPU.ActiveCfg = Release|Any CPU
		{4F7E354C-217A-45D1-A293-13D2DA698152}.Release|Any CPU.Build.0 = Release|Any CPU
		{923220F6-337B-40F9-9B4C-AEB06A4719F3}.Debug|Any CPU.ActiveCfg = Debug|Any CPU
		{923220F6-337B-40F9-9B4C-AEB06A4719F3}.Debug|Any CPU.Build.0 = Debug|Any CPU
		{923220F6-337B-40F9-9B4C-AEB06A4719F3}.Release|Any CPU.ActiveCfg = Release|Any CPU
		{923220F6-337B-40F9-9B4C-AEB06A4719F3}.Release|Any CPU.Build.0 = Release|Any CPU
	EndGlobalSection
EndGlobal
